{
  "name": "@shopify/buy-button-js",
  "version": "2.1.8",
  "lockfileVersion": 2,
  "requires": true,
  "packages": {
    "": {
      "name": "@shopify/buy-button-js",
      "version": "2.1.8",
      "license": "MIT",
      "dependencies": {
        "core-js": "^3.21.0",
        "morphdom": "^2.6.1",
        "mustache": "^4.2.0",
        "shopify-buy": "^2.14.0",
        "whatwg-fetch": "^3.6.2"
      }
    },
    "node_modules/core-js": {
      "version": "3.21.0",
      "resolved": "https://registry.npmjs.org/core-js/-/core-js-3.21.0.tgz",
      "integrity": "sha512-YUdI3fFu4TF/2WykQ2xzSiTQdldLB4KVuL9WeAy5XONZYt5Cun/fpQvctoKbCgvPhmzADeesTk/j2Rdx77AcKQ==",
      "hasInstallScript": true,
      "funding": {
        "type": "opencollective",
        "url": "https://opencollective.com/core-js"
      }
    },
    "node_modules/morphdom": {
      "version": "2.6.1",
      "resolved": "https://registry.npmjs.org/morphdom/-/morphdom-2.6.1.tgz",
      "integrity": "sha512-Y8YRbAEP3eKykroIBWrjcfMw7mmwJfjhqdpSvoqinu8Y702nAwikpXcNFDiIkyvfCLxLM9Wu95RZqo4a9jFBaA=="
    },
    "node_modules/mustache": {
      "version": "4.2.0",
      "resolved": "https://registry.npmjs.org/mustache/-/mustache-4.2.0.tgz",
      "integrity": "sha512-71ippSywq5Yb7/tVYyGbkBggbU8H3u5Rz56fH60jGFgr8uHwxs+aSKeqmluIVzM0m0kB7xQjKS6qPfd0b2ZoqQ==",
      "bin": {
        "mustache": "bin/mustache"
      }
    },
    "node_modules/shopify-buy": {
      "version": "2.14.0",
      "resolved": "https://registry.npmjs.org/shopify-buy/-/shopify-buy-2.14.0.tgz",
      "integrity": "sha512-ehQMBQzkmm837boIUb85umpWg25EYzgDTqSv1dLabTmfTQSlhTkBJ0r1mDZnZpEoYpWbAs6cSSa5C9/NIaSSOQ=="
    },
    "node_modules/whatwg-fetch": {
      "version": "3.6.2",
      "resolved": "https://registry.npmjs.org/whatwg-fetch/-/whatwg-fetch-3.6.2.tgz",
      "integrity": "sha512-bJlen0FcuU/0EMLrdbJ7zOnW6ITZLrZMIarMUVmdKtsGvZna8vxKYaexICWPfZ8qwf9fzNq+UEIZrnSaApt6RA=="
    }
  },
  "dependencies": {
    "core-js": {
      "version": "3.21.0",
      "resolved": "https://registry.npmjs.org/core-js/-/core-js-3.21.0.tgz",
      "integrity": "sha512-YUdI3fFu4TF/2WykQ2xzSiTQdldLB4KVuL9WeAy5XONZYt5Cun/fpQvctoKbCgvPhmzADeesTk/j2Rdx77AcKQ=="
    },
    "morphdom": {
      "version": "2.6.1",
      "resolved": "https://registry.npmjs.org/morphdom/-/morphdom-2.6.1.tgz",
      "integrity": "sha512-Y8YRbAEP3eKykroIBWrjcfMw7mmwJfjhqdpSvoqinu8Y702nAwikpXcNFDiIkyvfCLxLM9Wu95RZqo4a9jFBaA=="
    },
    "mustache": {
      "version": "4.2.0",
      "resolved": "https://registry.npmjs.org/mustache/-/mustache-4.2.0.tgz",
      "integrity": "sha512-71ippSywq5Yb7/tVYyGbkBggbU8H3u5Rz56fH60jGFgr8uHwxs+aSKeqmluIVzM0m0kB7xQjKS6qPfd0b2ZoqQ=="
    },
    "shopify-buy": {
      "version": "2.14.0",
      "resolved": "https://registry.npmjs.org/shopify-buy/-/shopify-buy-2.14.0.tgz",
      "integrity": "sha512-ehQMBQzkmm837boIUb85umpWg25EYzgDTqSv1dLabTmfTQSlhTkBJ0r1mDZnZpEoYpWbAs6cSSa5C9/NIaSSOQ=="
    },
    "whatwg-fetch": {
      "version": "3.6.2",
      "resolved": "https://registry.npmjs.org/whatwg-fetch/-/whatwg-fetch-3.6.2.tgz",
      "integrity": "sha512-bJlen0FcuU/0EMLrdbJ7zOnW6ITZLrZMIarMUVmdKtsGvZna8vxKYaexICWPfZ8qwf9fzNq+UEIZrnSaApt6RA=="
    }
  }
}
